{
  "name": "chornavoy",
  "version": "1.0.0",
  "lockfileVersion": 3,
  "requires": true,
  "packages": {
    "": {
      "name": "chornavoy",
      "version": "1.0.0",
      "license": "ISC",
      "dependencies": {
        "math-add-minus2": "^1.0.0"
      }
    },
    "node_modules/math-add-minus2": {
      "version": "1.0.1",
      "resolved": "https://registry.npmjs.org/math-add-minus2/-/math-add-minus2-1.0.1.tgz",
      "integrity": "sha512-8YKKNZ5FyV55uPbLUO7i8bwW8kJClV16bRe+fK3QoGMeOL40OGZ+D4yPvx8ISN/prJc7+blo0ChccEYjR2eStg=="
    }
  }
}
